
Microsoft Visual Studio Solution File, Format Version 12.00
# Visual Studio Version 16
VisualStudioVersion = 16.0.29009.5
MinimumVisualStudioVersion = 10.0.40219.1
Project("{F184B08F-C81C-45F6-A57F-5ABD9991F28F}") = "HL7-072219", "HL7-072219.vbproj", "{CAF1762E-7E75-4F48-8883-3624CABFAB26}"
EndProject
Global
	GlobalSection(SolutionConfigurationPlatforms) = preSolution
		Debug|Any CPU = Debug|Any CPU
		Release|Any CPU = Release|Any CPU
	EndGlobalSection
	GlobalSection(ProjectConfigurationPlatforms) = postSolution
		{CAF1762E-7E75-4F48-8883-3624CABFAB26}.Debug|Any CPU.ActiveCfg = Debug|Any CPU
		{CAF1762E-7E75-4F48-8883-3624CABFAB26}.Debug|Any CPU.Build.0 = Debug|Any CPU
		{CAF1762E-7E75-4F48-8883-3624CABFAB26}.Release|Any CPU.ActiveCfg = Release|Any CPU
		{CAF1762E-7E75-4F48-8883-3624CABFAB26}.Release|Any CPU.Build.0 = Release|Any CPU
	EndGlobalSection
	GlobalSection(SolutionProperties) = preSolution
		HideSolutionNode = FALSE
	EndGlobalSection
	GlobalSection(ExtensibilityGlobals) = postSolution
		SolutionGuid = {ED1636B0-F6C8-43B7-9C41-0C6BD346A37F}
	EndGlobalSection
EndGlobal
